// !$*UTF8*$!
{
	archiveVersion = 1;
	classes = {
	};
	objectVersion = 46;
	objects = {

/* Begin PBXBuildFile section */
		651E47731DD6BB85006B9AE3 /* main.m in Sources */ = {isa = PBXBuildFile; fileRef = 651E47721DD6BB85006B9AE3 /* main.m */; };
		651E47761DD6BB85006B9AE3 /* AppDelegate.m in Sources */ = {isa = PBXBuildFile; fileRef = 651E47751DD6BB85006B9AE3 /* AppDelegate.m */; };
		651E47791DD6BB85006B9AE3 /* ViewController.m in Sources */ = {isa = PBXBuildFile; fileRef = 651E47781DD6BB85006B9AE3 /* ViewController.m */; };
		651E477C1DD6BB85006B9AE3 /* Main.storyboard in Resources */ = {isa = PBXBuildFile; fileRef = 651E477A1DD6BB85006B9AE3 /* Main.storyboard */; };
		651E477E1DD6BB85006B9AE3 /* Assets.xcassets in Resources */ = {isa = PBXBuildFile; fileRef = 651E477D1DD6BB85006B9AE3 /* Assets.xcassets */; };
		651E47811DD6BB85006B9AE3 /* LaunchScreen.storyboard in Resources */ = {isa = PBXBuildFile; fileRef = 651E477F1DD6BB85006B9AE3 /* LaunchScreen.storyboard */; };
		651E478A1DD6C041006B9AE3 /* CustomView.m in Sources */ = {isa = PBXBuildFile; fileRef = 651E47891DD6C041006B9AE3 /* CustomView.m */; };
/* End PBXBuildFile section */

/* Begin PBXFileReference section */
		651E476E1DD6BB85006B9AE3 /* UIBezierPath.app */ = {isa = PBXFileReference; explicitFileType = wrapper.application; includeInIndex = 0; path = UIBezierPath.app; sourceTree = BUILT_PRODUCTS_DIR; };
		651E47721DD6BB85006B9AE3 /* main.m */ = {isa = PBXFileReference; lastKnownFileType = sourcecode.c.objc; path = main.m; sourceTree = "<group>"; };
		651E47741DD6BB85006B9AE3 /* AppDelegate.h */ = {isa = PBXFileReference; lastKnownFileType = sourcecode.c.h; path = AppDelegate.h; sourceTree = "<group>"; };
		651E47751DD6BB85006B9AE3 /* AppDelegate.m */ = {isa = PBXFileReference; lastKnownFileType = sourcecode.c.objc; path = AppDelegate.m; sourceTree = "<group>"; };
		651E47771DD6BB85006B9AE3 /* ViewController.h */ = {isa = PBXFileReference; lastKnownFileType = sourcecode.c.h; path = ViewController.h; sourceTree = "<group>"; };
		651E47781DD6BB85006B9AE3 /* ViewController.m */ = {isa = PBXFileReference; lastKnownFileType = sourcecode.c.objc; path = ViewController.m; sourceTree = "<group>"; };
		651E477B1DD6BB85006B9AE3 /* Base */ = {isa = PBXFileReference; lastKnownFileType = file.storyboard; name = Base; path = Base.lproj/Main.storyboard; sourceTree = "<group>"; };
		651E477D1DD6BB85006B9AE3 /* Assets.xcassets */ = {isa = PBXFileReference; lastKnownFileType = folder.assetcatalog; path = Assets.xcassets; sourceTree = "<group>"; };
		651E47801DD6BB85006B9AE3 /* Base */ = {isa = PBXFileReference; lastKnownFileType = file.storyboard; name = Base; path = Base.lproj/LaunchScreen.storyboard; sourceTree = "<group>"; };
		651E47821DD6BB85006B9AE3 /* Info.plist */ = {isa = PBXFileReference; lastKnownFileType = text.plist.xml; path = Info.plist; sourceTree = "<group>"; };
		651E47881DD6C041006B9AE3 /* CustomView.h */ = {isa = PBXFileReference; fileEncoding = 4; lastKnownFileType = sourcecode.c.h; path = CustomView.h; sourceTree = "<group>"; };
		651E47891DD6C041006B9AE3 /* CustomView.m */ = {isa = PBXFileReference; fileEncoding = 4; lastKnownFileType = sourcecode.c.objc; path = CustomView.m; sourceTree = "<group>"; };
/* End PBXFileReference section */

/* Begin PBXFrameworksBuildPhase section */
		651E476B1DD6BB85006B9AE3 /* Frameworks */ = {
			isa = PBXFrameworksBuildPhase;
			buildActionMask = 2147483647;
			files = (
			);
			runOnlyForDeploymentPostprocessing = 0;
		};
/* End PBXFrameworksBuildPhase section */

/* Begin PBXGroup section */
		651E47651DD6BB85006B9AE3 = {
			isa = PBXGroup;
			children = (
				651E47701DD6BB85006B9AE3 /* UIBezierPath */,
				651E476F1DD6BB85006B9AE3 /* Products */,
			);
			sourceTree = "<group>";
		};
		651E476F1DD6BB85006B9AE3 /* Products */ = {
			isa = PBXGroup;
			children = (
				651E476E1DD6BB85006B9AE3 /* UIBezierPath.app */,
			);
			name = Products;
			sourceTree = "<group>";
		};
		651E47701DD6BB85006B9AE3 /* UIBezierPath */ = {
			isa = PBXGroup;
			children = (
				651E47741DD6BB85006B9AE3 /* AppDelegate.h */,
				651E47751DD6BB85006B9AE3 /* AppDelegate.m */,
				651E47771DD6BB85006B9AE3 /* ViewController.h */,
				651E47781DD6BB85006B9AE3 /* ViewController.m */,
				651E47881DD6C041006B9AE3 /* CustomView.h */,
				651E47891DD6C041006B9AE3 /* CustomView.m */,
				651E477A1DD6BB85006B9AE3 /* Main.storyboard */,
				651E477D1DD6BB85006B9AE3 /* Assets.xcassets */,
				651E477F1DD6BB85006B9AE3 /* LaunchScreen.storyboard */,
				651E47821DD6BB85006B9AE3 /* Info.plist */,
				651E47711DD6BB85006B9AE3 /* Supporting Files */,
			);
			path = UIBezierPath;
			sourceTree = "<group>";
		};
		651E47711DD6BB85006B9AE3 /* Supporting Files */ = {
			isa = PBXGroup;
			children = (
				651E47721DD6BB85006B9AE3 /* main.m */,
			);
			name = "Supporting Files";
			sourceTree = "<group>";
		};
/* End PBXGroup section */

/* Begin PBXNativeTarget section */
		651E476D1DD6BB85006B9AE3 /* UIBezierPath */ = {
			isa = PBXNativeTarget;
			buildConfigurationList = 651E47851DD6BB86006B9AE3 /* Build configuration list for PBXNativeTarget "UIBezierPath" */;
			buildPhases = (
				651E476A1DD6BB85006B9AE3 /* Sources */,
				651E476B1DD6BB85006B9AE3 /* Frameworks */,
				651E476C1DD6BB85006B9AE3 /* Resources */,
			);
			buildRules = (
			);
			dependencies = (
			);
			name = UIBezierPath;
			productName = UIBezierPath;
			productReference = 651E476E1DD6BB85006B9AE3 /* UIBezierPath.app */;
			productType = "com.apple.product-type.application";
		};
/* End PBXNativeTarget section */

/* Begin PBXProject section */
		651E47661DD6BB85006B9AE3 /* Project object */ = {
			isa = PBXProject;
			attributes = {
				LastUpgradeCheck = 0810;
				ORGANIZATIONNAME = doohanTech;
				TargetAttributes = {
					651E476D1DD6BB85006B9AE3 = {
						CreatedOnToolsVersion = 8.1;
						DevelopmentTeam = ZGH256557J;
						ProvisioningStyle = Automatic;
					};
				};
			};
			buildConfigurationList = 651E47691DD6BB85006B9AE3 /* Build configuration list for PBXProject "UIBezierPath" */;
			compatibilityVersion = "Xcode 3.2";
			developmentRegion = English;
			hasScannedForEncodings = 0;
			knownRegions = (
				en,
				Base,
			);
			mainGroup = 651E47651DD6BB85006B9AE3;
			productRefGroup = 651E476F1DD6BB85006B9AE3 /* Products */;
			projectDirPath = "";
			projectRoot = "";
			targets = (
				651E476D1DD6BB85006B9AE3 /* UIBezierPath */,
			);
		};
/* End PBXProject section */

/* Begin PBXResourcesBuildPhase section */
		651E476C1DD6BB85006B9AE3 /* Resources */ = {
			isa = PBXResourcesBuildPhase;
			buildActionMask = 2147483647;
			files = (
				651E47811DD6BB85006B9AE3 /* LaunchScreen.storyboard in Resources */,
				651E477E1DD6BB85006B9AE3 /* Assets.xcassets in Resources */,
				651E477C1DD6BB85006B9AE3 /* Main.storyboard in Resources */,
			);
			runOnlyForDeploymentPostprocessing = 0;
		};
/* End PBXResourcesBuildPhase section */

/* Begin PBXSourcesBuildPhase section */
		651E476A1DD6BB85006B9AE3 /* Sources */ = {
			isa = PBXSourcesBuildPhase;
			buildActionMask = 2147483647;
			files = (
				651E47791DD6BB85006B9AE3 /* ViewController.m in Sources */,
				651E478A1DD6C041006B9AE3 /* CustomView.m in Sources */,
				651E47761DD6BB85006B9AE3 /* AppDelegate.m in Sources */,
				651E47731DD6BB85006B9AE3 /* main.m in Sources */,
			);
			runOnlyForDeploymentPostprocessing = 0;
		};
/* End PBXSourcesBuildPhase section */

/* Begin PBXVariantGroup section */
		651E477A1DD6BB85006B9AE3 /* Main.storyboard */ = {
			isa = PBXVariantGroup;
			children = (
				651E477B1DD6BB85006B9AE3 /* Base */,
			);
			name = Main.storyboard;
			sourceTree = "<group>";
		};
		651E477F1DD6BB85006B9AE3 /* LaunchScreen.storyboard */ = {
			isa = PBXVariantGroup;
			children = (
				651E47801DD6BB85006B9AE3 /* Base */,
			);
			name = LaunchScreen.storyboard;
			sourceTree = "<group>";
		};
/* End PBXVariantGroup section */

/* Begin XCBuildConfiguration section */
		651E47831DD6BB85006B9AE3 /* Debug */ = {
			isa = XCBuildConfiguration;
			buildSettings = {
				ALWAYS_SEARCH_USER_PATHS = NO;
				CLANG_ANALYZER_NONNULL = YES;
				CLANG_CXX_LANGUAGE_STANDARD = "gnu++0x";
				CLANG_CXX_LIBRARY = "libc++";
				CLANG_ENABLE_MODULES = YES;
				CLANG_ENABLE_OBJC_ARC = YES;
				CLANG_WARN_BOOL_CONVERSION = YES;
				CLANG_WARN_CONSTANT_CONVERSION = YES;
				CLANG_WARN_DIRECT_OBJC_ISA_USAGE = YES_ERROR;
				CLANG_WARN_DOCUMENTATION_COMMENTS = YES;
				CLANG_WARN_EMPTY_BODY = YES;
				CLANG_WARN_ENUM_CONVERSION = YES;
				CLANG_WARN_INFINITE_RECURSION = YES;
				CLANG_WARN_INT_CONVERSION = YES;
				CLANG_WARN_OBJC_ROOT_CLASS = YES_ERROR;
				CLANG_WARN_SUSPICIOUS_MOVES = YES;
				CLANG_WARN_UNREACHABLE_CODE = YES;
				CLANG_WARN__DUPLICATE_METHOD_MATCH = YES;
				"CODE_SIGN_IDENTITY[sdk=iphoneos*]" = "iPhone Developer";
				COPY_PHASE_STRIP = NO;
				DEBUG_INFORMATION_FORMAT = dwarf;
				ENABLE_STRICT_OBJC_MSGSEND = YES;
				ENABLE_TESTABILITY = YES;
				GCC_C_LANGUAGE_STANDARD = gnu99;
				GCC_DYNAMIC_NO_PIC = NO;
				GCC_NO_COMMON_BLOCKS = YES;
				GCC_OPTIMIZATION_LEVEL = 0;
				GCC_PREPROCESSOR_DEFINITIONS = (
					"DEBUG=1",
					"$(inherited)",
				);
				GCC_WARN_64_TO_32_BIT_CONVERSION = YES;
				GCC_WARN_ABOUT_RETURN_TYPE = YES_ERROR;
				GCC_WARN_UNDECLARED_SELECTOR = YES;
				GCC_WARN_UNINITIALIZED_AUTOS = YES_AGGRESSIVE;
				GCC_WARN_UNUSED_FUNCTION = YES;
				GCC_WARN_UNUSED_VARIABLE = YES;
				IPHONEOS_DEPLOYMENT_TARGET = 10.1;
				MTL_ENABLE_DEBUG_INFO = YES;
				ONLY_ACTIVE_ARCH = YES;
				SDKROOT = iphoneos;
			};
			name = Debug;
		};
		651E47841DD6BB85006B9AE3 /* Release */ = {
			isa = XCBuildConfiguration;
			buildSettings = {
				ALWAYS_SEARCH_USER_PATHS = NO;
				CLANG_ANALYZER_NONNULL = YES;
				CLANG_CXX_LANGUAGE_STANDARD = "gnu++0x";
				CLANG_CXX_LIBRARY = "libc++";
				CLANG_ENABLE_MODULES = YES;
				CLANG_ENABLE_OBJC_ARC = YES;
				CLANG_WARN_BOOL_CONVERSION = YES;
				CLANG_WARN_CONSTANT_CONVERSION = YES;
				CLANG_WARN_DIRECT_OBJC_ISA_USAGE = YES_ERROR;
				CLANG_WARN_DOCUMENTATION_COMMENTS = YES;
				CLANG_WARN_EMPTY_BODY = YES;
				CLANG_WARN_ENUM_CONVERSION = YES;
				CLANG_WARN_INFINITE_RECURSION = YES;
				CLANG_WARN_INT_CONVERSION = YES;
				CLANG_WARN_OBJC_ROOT_CLASS = YES_ERROR;
				CLANG_WARN_SUSPICIOUS_MOVES = YES;
				CLANG_WARN_UNREACHABLE_CODE = YES;
				CLANG_WARN__DUPLICATE_METHOD_MATCH = YES;
				"CODE_SIGN_IDENTITY[sdk=iphoneos*]" = "iPhone Developer";
				COPY_PHASE_STRIP = NO;
				DEBUG_INFORMATION_FORMAT = "dwarf-with-dsym";
				ENABLE_NS_ASSERTIONS = NO;
				ENABLE_STRICT_OBJC_MSGSEND = YES;
				GCC_C_LANGUAGE_STANDARD = gnu99;
				GCC_NO_COMMON_BLOCKS = YES;
				GCC_WARN_64_TO_32_BIT_CONVERSION = YES;
				GCC_WARN_ABOUT_RETURN_TYPE = YES_ERROR;
				GCC_WARN_UNDECLARED_SELECTOR = YES;
				GCC_WARN_UNINITIALIZED_AUTOS = YES_AGGRESSIVE;
				GCC_WARN_UNUSED_FUNCTION = YES;
				GCC_WARN_UNUSED_VARIABLE = YES;
				IPHONEOS_DEPLOYMENT_TARGET = 10.1;
				MTL_ENABLE_DEBUG_INFO = NO;
				SDKROOT = iphoneos;
				VALIDATE_PRODUCT = YES;
			};
			name = Release;
		};
		651E47861DD6BB86006B9AE3 /* Debug */ = {
			isa = XCBuildConfiguration;
			buildSettings = {
				ASSETCATALOG_COMPILER_APPICON_NAME = AppIcon;
				DEVELOPMENT_TEAM = ZGH256557J;
				INFOPLIST_FILE = UIBezierPath/Info.plist;
				IPHONEOS_DEPLOYMENT_TARGET = 9.0;
				LD_RUNPATH_SEARCH_PATHS = "$(inherited) @executable_path/Frameworks";
				PRODUCT_BUNDLE_IDENTIFIER = cn.doohanTech.UIBezierPath;
				PRODUCT_NAME = "$(TARGET_NAME)";
			};
			name = Debug;
		};
		651E47871DD6BB86006B9AE3 /* Release */ = {
			isa = XCBuildConfiguration;
			buildSettings = {
				ASSETCATALOG_COMPILER_APPICON_NAME = AppIcon;
				DEVELOPMENT_TEAM = ZGH256557J;
				INFOPLIST_FILE = UIBezierPath/Info.plist;
				IPHONEOS_DEPLOYMENT_TARGET = 9.0;
				LD_RUNPATH_SEARCH_PATHS = "$(inherited) @executable_path/Frameworks";
				PRODUCT_BUNDLE_IDENTIFIER = cn.doohanTech.UIBezierPath;
				PRODUCT_NAME = "$(TARGET_NAME)";
			};
			name = Release;
		};
/* End XCBuildConfiguration section */

/* Begin XCConfigurationList section */
		651E47691DD6BB85006B9AE3 /* Build configuration list for PBXProject "UIBezierPath" */ = {
			isa = XCConfigurationList;
			buildConfigurations = (
				651E47831DD6BB85006B9AE3 /* Debug */,
				651E47841DD6BB85006B9AE3 /* Release */,
			);
			defaultConfigurationIsVisible = 0;
			defaultConfigurationName = Release;
		};
		651E47851DD6BB86006B9AE3 /* Build configuration list for PBXNativeTarget "UIBezierPath" */ = {
			isa = XCConfigurationList;
			buildConfigurations = (
				651E47861DD6BB86006B9AE3 /* Debug */,
				651E47871DD6BB86006B9AE3 /* Release */,
			);
			defaultConfigurationIsVisible = 0;
		};
/* End XCConfigurationList section */
	};
	rootObject = 651E47661DD6BB85006B9AE3 /* Project object */;
}
